
Microsoft Visual Studio Solution File, Format Version 12.00
# Visual Studio 15
VisualStudioVersion = 15.0.26730.16
MinimumVisualStudioVersion = 10.0.40219.1
Project("{FAE04EC0-301F-11D3-BF4B-00C04F79EFBC}") = "BatteryInfo", "IAPD-Battery-lab3\BatteryInfo.csproj", "{AF013647-8FC6-42E6-AC6F-21EEDFA88AA1}"
EndProject
Global
	GlobalSection(SolutionConfigurationPlatforms) = preSolution
		Debug|Any CPU = Debug|Any CPU
		Release|Any CPU = Release|Any CPU
	EndGlobalSection
	GlobalSection(ProjectConfigurationPlatforms) = postSolution
		{AF013647-8FC6-42E6-AC6F-21EEDFA88AA1}.Debug|Any CPU.ActiveCfg = Debug|Any CPU
		{AF013647-8FC6-42E6-AC6F-21EEDFA88AA1}.Debug|Any CPU.Build.0 = Debug|Any CPU
		{AF013647-8FC6-42E6-AC6F-21EEDFA88AA1}.Release|Any CPU.ActiveCfg = Release|Any CPU
		{AF013647-8FC6-42E6-AC6F-21EEDFA88AA1}.Release|Any CPU.Build.0 = Release|Any CPU
	EndGlobalSection
	GlobalSection(SolutionProperties) = preSolution
		HideSolutionNode = FALSE
	EndGlobalSection
	GlobalSection(ExtensibilityGlobals) = postSolution
		SolutionGuid = {5F61BFE8-B3F6-4294-88F8-28C12DBC0796}
	EndGlobalSection
EndGlobal
